// !$*UTF8*$!
{
	archiveVersion = 1;
	classes = {
	};
	objectVersion = 52;
	objects = {

/* Begin PBXBuildFile section */
		185CB1FC23C78CE6009F7571 /* AppDelegate.swift in Sources */ = {isa = PBXBuildFile; fileRef = 185CB1FB23C78CE6009F7571 /* AppDelegate.swift */; };
		185CB1FE23C78CE6009F7571 /* SceneDelegate.swift in Sources */ = {isa = PBXBuildFile; fileRef = 185CB1FD23C78CE6009F7571 /* SceneDelegate.swift */; };
		185CB20323C78CE6009F7571 /* Main.storyboard in Resources */ = {isa = PBXBuildFile; fileRef = 185CB20123C78CE6009F7571 /* Main.storyboard */; };
		185CB20523C78CE8009F7571 /* Assets.xcassets in Resources */ = {isa = PBXBuildFile; fileRef = 185CB20423C78CE8009F7571 /* Assets.xcassets */; };
		3A54760A2822F06900784D9A /* FirebaseDatabaseSwift-Beta in Frameworks */ = {isa = PBXBuildFile; productRef = 3A5476092822F06900784D9A /* FirebaseDatabaseSwift-Beta */; };
		3A54760C2822F06900784D9A /* FirebaseStorage in Frameworks */ = {isa = PBXBuildFile; productRef = 3A54760B2822F06900784D9A /* FirebaseStorage */; };
		3A54760E2822F06900784D9A /* FirebaseAuth in Frameworks */ = {isa = PBXBuildFile; productRef = 3A54760D2822F06900784D9A /* FirebaseAuth */; };
		3A5476102822F06900784D9A /* FirebaseStorageSwift-Beta in Frameworks */ = {isa = PBXBuildFile; productRef = 3A54760F2822F06900784D9A /* FirebaseStorageSwift-Beta */; };
		3A5476122822F06900784D9A /* FirebaseDatabase in Frameworks */ = {isa = PBXBuildFile; productRef = 3A5476112822F06900784D9A /* FirebaseDatabase */; };
		3A54761428235C2C00784D9A /* sivastuthi.mp3 in Resources */ = {isa = PBXBuildFile; fileRef = 3A54761328235C2C00784D9A /* sivastuthi.mp3 */; };
		3A5476162823742000784D9A /* greatgatsby_01_fitzgerald_64kb.mp3 in Resources */ = {isa = PBXBuildFile; fileRef = 3A5476152823742000784D9A /* greatgatsby_01_fitzgerald_64kb.mp3 */; };
		3A63106D28133D0600FB3071 /* Recording.swift in Sources */ = {isa = PBXBuildFile; fileRef = 3A63106C28133D0600FB3071 /* Recording.swift */; };
		3A63106F28133D5E00FB3071 /* CreateAccountViewController.swift in Sources */ = {isa = PBXBuildFile; fileRef = 3A63106E28133D5E00FB3071 /* CreateAccountViewController.swift */; };
		3ACAEBE92824616D00E37C80 /* NarrateViewController.swift in Sources */ = {isa = PBXBuildFile; fileRef = 3ACAEBE82824616D00E37C80 /* NarrateViewController.swift */; };
		48132F7627FD3827001D75C5 /* Launch.storyboard in Resources */ = {isa = PBXBuildFile; fileRef = 48132F7527FD3827001D75C5 /* Launch.storyboard */; };
		48132F7E28032245001D75C5 /* RecordingsViewController.swift in Sources */ = {isa = PBXBuildFile; fileRef = 48132F7D28032245001D75C5 /* RecordingsViewController.swift */; };
		48132F8D28034193001D75C5 /* BookDetailViewController.swift in Sources */ = {isa = PBXBuildFile; fileRef = 48132F8C28034193001D75C5 /* BookDetailViewController.swift */; };
		48132F92280368E2001D75C5 /* Book.swift in Sources */ = {isa = PBXBuildFile; fileRef = 48132F91280368E2001D75C5 /* Book.swift */; };
		485C689327FD17CB00AC236B /* GoogleService-Info.plist in Resources */ = {isa = PBXBuildFile; fileRef = 485C689227FD17CB00AC236B /* GoogleService-Info.plist */; };
		B6FED55D261DB03100346BE3 /* LoginViewController.swift in Sources */ = {isa = PBXBuildFile; fileRef = B6FED55C261DB03100346BE3 /* LoginViewController.swift */; };
		B6FED560261DB03500346BE3 /* BookListTableViewController.swift in Sources */ = {isa = PBXBuildFile; fileRef = B6FED55F261DB03500346BE3 /* BookListTableViewController.swift */; };
		B6FED563261DB03900346BE3 /* OnlineUsersTableViewController.swift in Sources */ = {isa = PBXBuildFile; fileRef = B6FED562261DB03900346BE3 /* OnlineUsersTableViewController.swift */; };
		B6FED569261DB04200346BE3 /* User.swift in Sources */ = {isa = PBXBuildFile; fileRef = B6FED568261DB04200346BE3 /* User.swift */; };
/* End PBXBuildFile section */

/* Begin PBXFileReference section */
		185CB1F823C78CE6009F7571 /* Spotiobook.app */ = {isa = PBXFileReference; explicitFileType = wrapper.application; includeInIndex = 0; path = Spotiobook.app; sourceTree = BUILT_PRODUCTS_DIR; };
		185CB1FB23C78CE6009F7571 /* AppDelegate.swift */ = {isa = PBXFileReference; lastKnownFileType = sourcecode.swift; path = AppDelegate.swift; sourceTree = "<group>"; };
		185CB1FD23C78CE6009F7571 /* SceneDelegate.swift */ = {isa = PBXFileReference; lastKnownFileType = sourcecode.swift; path = SceneDelegate.swift; sourceTree = "<group>"; };
		185CB20223C78CE6009F7571 /* Base */ = {isa = PBXFileReference; lastKnownFileType = file.storyboard; name = Base; path = Base.lproj/Main.storyboard; sourceTree = "<group>"; };
		185CB20423C78CE8009F7571 /* Assets.xcassets */ = {isa = PBXFileReference; lastKnownFileType = folder.assetcatalog; path = Assets.xcassets; sourceTree = "<group>"; };
		185CB20923C78CE8009F7571 /* Info.plist */ = {isa = PBXFileReference; lastKnownFileType = text.plist.xml; path = Info.plist; sourceTree = "<group>"; };
		3A54761328235C2C00784D9A /* sivastuthi.mp3 */ = {isa = PBXFileReference; lastKnownFileType = audio.mp3; name = sivastuthi.mp3; path = ../../../sivastuthi.mp3; sourceTree = "<group>"; };
		3A5476152823742000784D9A /* greatgatsby_01_fitzgerald_64kb.mp3 */ = {isa = PBXFileReference; lastKnownFileType = audio.mp3; path = greatgatsby_01_fitzgerald_64kb.mp3; sourceTree = "<group>"; };
		3A63106C28133D0600FB3071 /* Recording.swift */ = {isa = PBXFileReference; fileEncoding = 4; lastKnownFileType = sourcecode.swift; path = Recording.swift; sourceTree = "<group>"; };
		3A63106E28133D5E00FB3071 /* CreateAccountViewController.swift */ = {isa = PBXFileReference; lastKnownFileType = sourcecode.swift; path = CreateAccountViewController.swift; sourceTree = "<group>"; };
		3ACAEBE82824616D00E37C80 /* NarrateViewController.swift */ = {isa = PBXFileReference; lastKnownFileType = sourcecode.swift; path = NarrateViewController.swift; sourceTree = "<group>"; };
		48132F7527FD3827001D75C5 /* Launch.storyboard */ = {isa = PBXFileReference; lastKnownFileType = file.storyboard; path = Launch.storyboard; sourceTree = "<group>"; };
		48132F7D28032245001D75C5 /* RecordingsViewController.swift */ = {isa = PBXFileReference; lastKnownFileType = sourcecode.swift; path = RecordingsViewController.swift; sourceTree = "<group>"; };
		48132F8C28034193001D75C5 /* BookDetailViewController.swift */ = {isa = PBXFileReference; lastKnownFileType = sourcecode.swift; path = BookDetailViewController.swift; sourceTree = "<group>"; };
		48132F91280368E2001D75C5 /* Book.swift */ = {isa = PBXFileReference; lastKnownFileType = sourcecode.swift; path = Book.swift; sourceTree = "<group>"; };
		485C689227FD17CB00AC236B /* GoogleService-Info.plist */ = {isa = PBXFileReference; lastKnownFileType = text.plist; path = "GoogleService-Info.plist"; sourceTree = SOURCE_ROOT; };
		B6FED55C261DB03100346BE3 /* LoginViewController.swift */ = {isa = PBXFileReference; fileEncoding = 4; lastKnownFileType = sourcecode.swift; path = LoginViewController.swift; sourceTree = "<group>"; };
		B6FED55F261DB03500346BE3 /* BookListTableViewController.swift */ = {isa = PBXFileReference; fileEncoding = 4; lastKnownFileType = sourcecode.swift; path = BookListTableViewController.swift; sourceTree = "<group>"; };
		B6FED562261DB03900346BE3 /* OnlineUsersTableViewController.swift */ = {isa = PBXFileReference; fileEncoding = 4; lastKnownFileType = sourcecode.swift; path = OnlineUsersTableViewController.swift; sourceTree = "<group>"; };
		B6FED568261DB04200346BE3 /* User.swift */ = {isa = PBXFileReference; fileEncoding = 4; lastKnownFileType = sourcecode.swift; path = User.swift; sourceTree = "<group>"; };
/* End PBXFileReference section */

/* Begin PBXFrameworksBuildPhase section */
		185CB1F523C78CE6009F7571 /* Frameworks */ = {
			isa = PBXFrameworksBuildPhase;
			buildActionMask = 2147483647;
			files = (
				3A5476122822F06900784D9A /* FirebaseDatabase in Frameworks */,
				3A54760A2822F06900784D9A /* FirebaseDatabaseSwift-Beta in Frameworks */,
				3A5476102822F06900784D9A /* FirebaseStorageSwift-Beta in Frameworks */,
				3A54760E2822F06900784D9A /* FirebaseAuth in Frameworks */,
				3A54760C2822F06900784D9A /* FirebaseStorage in Frameworks */,
			);
			runOnlyForDeploymentPostprocessing = 0;
		};
/* End PBXFrameworksBuildPhase section */

/* Begin PBXGroup section */
		185CB1EF23C78CE6009F7571 = {
			isa = PBXGroup;
			children = (
				185CB1FA23C78CE6009F7571 /* Spotiobook */,
				185CB1F923C78CE6009F7571 /* Products */,
			);
			indentWidth = 2;
			sourceTree = "<group>";
			tabWidth = 2;
		};
		185CB1F923C78CE6009F7571 /* Products */ = {
			isa = PBXGroup;
			children = (
				185CB1F823C78CE6009F7571 /* Spotiobook.app */,
			);
			name = Products;
			sourceTree = "<group>";
		};
		185CB1FA23C78CE6009F7571 /* Spotiobook */ = {
			isa = PBXGroup;
			children = (
				3A5476152823742000784D9A /* greatgatsby_01_fitzgerald_64kb.mp3 */,
				3A5476172823746A00784D9A /* AudioRecordings */,
				485C689227FD17CB00AC236B /* GoogleService-Info.plist */,
				B6FED55B261DB02A00346BE3 /* Models */,
				B6FED55A261DB02300346BE3 /* Controllers */,
				185CB1FB23C78CE6009F7571 /* AppDelegate.swift */,
				185CB1FD23C78CE6009F7571 /* SceneDelegate.swift */,
				185CB20123C78CE6009F7571 /* Main.storyboard */,
				185CB20423C78CE8009F7571 /* Assets.xcassets */,
				185CB20923C78CE8009F7571 /* Info.plist */,
				48132F7527FD3827001D75C5 /* Launch.storyboard */,
			);
			path = Spotiobook;
			sourceTree = "<group>";
		};
		3A5476172823746A00784D9A /* AudioRecordings */ = {
			isa = PBXGroup;
			children = (
			);
			path = AudioRecordings;
			sourceTree = "<group>";
		};
		B6FED55A261DB02300346BE3 /* Controllers */ = {
			isa = PBXGroup;
			children = (
				B6FED55C261DB03100346BE3 /* LoginViewController.swift */,
				B6FED55F261DB03500346BE3 /* BookListTableViewController.swift */,
				B6FED562261DB03900346BE3 /* OnlineUsersTableViewController.swift */,
				48132F7D28032245001D75C5 /* RecordingsViewController.swift */,
				3A54761328235C2C00784D9A /* sivastuthi.mp3 */,
				48132F8C28034193001D75C5 /* BookDetailViewController.swift */,
				3A63106E28133D5E00FB3071 /* CreateAccountViewController.swift */,
				3ACAEBE82824616D00E37C80 /* NarrateViewController.swift */,
			);
			path = Controllers;
			sourceTree = "<group>";
		};
		B6FED55B261DB02A00346BE3 /* Models */ = {
			isa = PBXGroup;
			children = (
				3A63106C28133D0600FB3071 /* Recording.swift */,
				B6FED568261DB04200346BE3 /* User.swift */,
				48132F91280368E2001D75C5 /* Book.swift */,
			);
			path = Models;
			sourceTree = "<group>";
		};
/* End PBXGroup section */

/* Begin PBXNativeTarget section */
		185CB1F723C78CE6009F7571 /* Spotiobook */ = {
			isa = PBXNativeTarget;
			buildConfigurationList = 185CB20C23C78CE8009F7571 /* Build configuration list for PBXNativeTarget "Spotiobook" */;
			buildPhases = (
				181FE31E248EA70400A180EA /* SwiftLint */,
				185CB1F423C78CE6009F7571 /* Sources */,
				185CB1F523C78CE6009F7571 /* Frameworks */,
				185CB1F623C78CE6009F7571 /* Resources */,
			);
			buildRules = (
			);
			dependencies = (
			);
			name = Spotiobook;
			packageProductDependencies = (
				3A5476092822F06900784D9A /* FirebaseDatabaseSwift-Beta */,
				3A54760B2822F06900784D9A /* FirebaseStorage */,
				3A54760D2822F06900784D9A /* FirebaseAuth */,
				3A54760F2822F06900784D9A /* FirebaseStorageSwift-Beta */,
				3A5476112822F06900784D9A /* FirebaseDatabase */,
			);
			productName = MyRWTutorial;
			productReference = 185CB1F823C78CE6009F7571 /* Spotiobook.app */;
			productType = "com.apple.product-type.application";
		};
/* End PBXNativeTarget section */

/* Begin PBXProject section */
		185CB1F023C78CE6009F7571 /* Project object */ = {
			isa = PBXProject;
			attributes = {
				LastSwiftUpdateCheck = 1130;
				LastUpgradeCheck = 1200;
				ORGANIZATIONNAME = "Ray Wenderlich";
				TargetAttributes = {
					185CB1F723C78CE6009F7571 = {
						CreatedOnToolsVersion = 11.3;
					};
				};
			};
			buildConfigurationList = 185CB1F323C78CE6009F7571 /* Build configuration list for PBXProject "Spotiobook" */;
			compatibilityVersion = "Xcode 9.3";
			developmentRegion = en;
			hasScannedForEncodings = 0;
			knownRegions = (
				en,
				Base,
			);
			mainGroup = 185CB1EF23C78CE6009F7571;
			packageReferences = (
				3A5476082822F06900784D9A /* XCRemoteSwiftPackageReference "firebase-ios-sdk" */,
			);
			productRefGroup = 185CB1F923C78CE6009F7571 /* Products */;
			projectDirPath = "";
			projectRoot = "";
			targets = (
				185CB1F723C78CE6009F7571 /* Spotiobook */,
			);
		};
/* End PBXProject section */

/* Begin PBXResourcesBuildPhase section */
		185CB1F623C78CE6009F7571 /* Resources */ = {
			isa = PBXResourcesBuildPhase;
			buildActionMask = 2147483647;
			files = (
				485C689327FD17CB00AC236B /* GoogleService-Info.plist in Resources */,
				185CB20523C78CE8009F7571 /* Assets.xcassets in Resources */,
				3A5476162823742000784D9A /* greatgatsby_01_fitzgerald_64kb.mp3 in Resources */,
				48132F7627FD3827001D75C5 /* Launch.storyboard in Resources */,
				185CB20323C78CE6009F7571 /* Main.storyboard in Resources */,
				3A54761428235C2C00784D9A /* sivastuthi.mp3 in Resources */,
			);
			runOnlyForDeploymentPostprocessing = 0;
		};
/* End PBXResourcesBuildPhase section */

/* Begin PBXShellScriptBuildPhase section */
		181FE31E248EA70400A180EA /* SwiftLint */ = {
			isa = PBXShellScriptBuildPhase;
			buildActionMask = 2147483647;
			files = (
			);
			inputFileListPaths = (
			);
			inputPaths = (
			);
			name = SwiftLint;
			outputFileListPaths = (
			);
			outputPaths = (
			);
			runOnlyForDeploymentPostprocessing = 0;
			shellPath = /bin/sh;
			shellScript = "PATH=/opt/homebrew/bin:$PATH\nif [ -f ~/com.raywenderlich.swiftlint.yml ]; then\n  if which swiftlint >/dev/null; then\n    swiftlint --no-cache --config ~/com.raywenderlich.swiftlint.yml\n  fi\nfi\n";
		};
/* End PBXShellScriptBuildPhase section */

/* Begin PBXSourcesBuildPhase section */
		185CB1F423C78CE6009F7571 /* Sources */ = {
			isa = PBXSourcesBuildPhase;
			buildActionMask = 2147483647;
			files = (
				3A63106D28133D0600FB3071 /* Recording.swift in Sources */,
				B6FED563261DB03900346BE3 /* OnlineUsersTableViewController.swift in Sources */,
				B6FED55D261DB03100346BE3 /* LoginViewController.swift in Sources */,
				3A63106F28133D5E00FB3071 /* CreateAccountViewController.swift in Sources */,
				B6FED560261DB03500346BE3 /* BookListTableViewController.swift in Sources */,
				48132F8D28034193001D75C5 /* BookDetailViewController.swift in Sources */,
				185CB1FC23C78CE6009F7571 /* AppDelegate.swift in Sources */,
				185CB1FE23C78CE6009F7571 /* SceneDelegate.swift in Sources */,
				B6FED569261DB04200346BE3 /* User.swift in Sources */,
				48132F92280368E2001D75C5 /* Book.swift in Sources */,
				3ACAEBE92824616D00E37C80 /* NarrateViewController.swift in Sources */,
				48132F7E28032245001D75C5 /* RecordingsViewController.swift in Sources */,
			);
			runOnlyForDeploymentPostprocessing = 0;
		};
/* End PBXSourcesBuildPhase section */

/* Begin PBXVariantGroup section */
		185CB20123C78CE6009F7571 /* Main.storyboard */ = {
			isa = PBXVariantGroup;
			children = (
				185CB20223C78CE6009F7571 /* Base */,
			);
			name = Main.storyboard;
			sourceTree = "<group>";
		};
/* End PBXVariantGroup section */

/* Begin XCBuildConfiguration section */
		185CB20A23C78CE8009F7571 /* Debug */ = {
			isa = XCBuildConfiguration;
			buildSettings = {
				ALWAYS_SEARCH_USER_PATHS = NO;
				CLANG_ANALYZER_NONNULL = YES;
				CLANG_ANALYZER_NUMBER_OBJECT_CONVERSION = YES_AGGRESSIVE;
				CLANG_CXX_LANGUAGE_STANDARD = "gnu++14";
				CLANG_CXX_LIBRARY = "libc++";
				CLANG_ENABLE_MODULES = YES;
				CLANG_ENABLE_OBJC_ARC = YES;
				CLANG_ENABLE_OBJC_WEAK = YES;
				CLANG_WARN_BLOCK_CAPTURE_AUTORELEASING = YES;
				CLANG_WARN_BOOL_CONVERSION = YES;
				CLANG_WARN_COMMA = YES;
				CLANG_WARN_CONSTANT_CONVERSION = YES;
				CLANG_WARN_DEPRECATED_OBJC_IMPLEMENTATIONS = YES;
				CLANG_WARN_DIRECT_OBJC_ISA_USAGE = YES_ERROR;
				CLANG_WARN_DOCUMENTATION_COMMENTS = YES;
				CLANG_WARN_EMPTY_BODY = YES;
				CLANG_WARN_ENUM_CONVERSION = YES;
				CLANG_WARN_INFINITE_RECURSION = YES;
				CLANG_WARN_INT_CONVERSION = YES;
				CLANG_WARN_NON_LITERAL_NULL_CONVERSION = YES;
				CLANG_WARN_OBJC_IMPLICIT_RETAIN_SELF = YES;
				CLANG_WARN_OBJC_LITERAL_CONVERSION = YES;
				CLANG_WARN_OBJC_ROOT_CLASS = YES_ERROR;
				CLANG_WARN_QUOTED_INCLUDE_IN_FRAMEWORK_HEADER = YES;
				CLANG_WARN_RANGE_LOOP_ANALYSIS = YES;
				CLANG_WARN_STRICT_PROTOTYPES = YES;
				CLANG_WARN_SUSPICIOUS_MOVE = YES;
				CLANG_WARN_UNGUARDED_AVAILABILITY = YES_AGGRESSIVE;
				CLANG_WARN_UNREACHABLE_CODE = YES;
				CLANG_WARN__DUPLICATE_METHOD_MATCH = YES;
				COPY_PHASE_STRIP = NO;
				DEBUG_INFORMATION_FORMAT = dwarf;
				ENABLE_STRICT_OBJC_MSGSEND = YES;
				ENABLE_TESTABILITY = YES;
				GCC_C_LANGUAGE_STANDARD = gnu11;
				GCC_DYNAMIC_NO_PIC = NO;
				GCC_NO_COMMON_BLOCKS = YES;
				GCC_OPTIMIZATION_LEVEL = 0;
				GCC_PREPROCESSOR_DEFINITIONS = (
					"DEBUG=1",
					"$(inherited)",
				);
				GCC_WARN_64_TO_32_BIT_CONVERSION = YES;
				GCC_WARN_ABOUT_RETURN_TYPE = YES_ERROR;
				GCC_WARN_UNDECLARED_SELECTOR = YES;
				GCC_WARN_UNINITIALIZED_AUTOS = YES_AGGRESSIVE;
				GCC_WARN_UNUSED_FUNCTION = YES;
				GCC_WARN_UNUSED_VARIABLE = YES;
				IPHONEOS_DEPLOYMENT_TARGET = 14.0;
				MTL_ENABLE_DEBUG_INFO = INCLUDE_SOURCE;
				MTL_FAST_MATH = YES;
				ONLY_ACTIVE_ARCH = YES;
				SDKROOT = iphoneos;
				SWIFT_ACTIVE_COMPILATION_CONDITIONS = DEBUG;
				SWIFT_OPTIMIZATION_LEVEL = "-Onone";
			};
			name = Debug;
		};
		185CB20B23C78CE8009F7571 /* Release */ = {
			isa = XCBuildConfiguration;
			buildSettings = {
				ALWAYS_SEARCH_USER_PATHS = NO;
				CLANG_ANALYZER_NONNULL = YES;
				CLANG_ANALYZER_NUMBER_OBJECT_CONVERSION = YES_AGGRESSIVE;
				CLANG_CXX_LANGUAGE_STANDARD = "gnu++14";
				CLANG_CXX_LIBRARY = "libc++";
				CLANG_ENABLE_MODULES = YES;
				CLANG_ENABLE_OBJC_ARC = YES;
				CLANG_ENABLE_OBJC_WEAK = YES;
				CLANG_WARN_BLOCK_CAPTURE_AUTORELEASING = YES;
				CLANG_WARN_BOOL_CONVERSION = YES;
				CLANG_WARN_COMMA = YES;
				CLANG_WARN_CONSTANT_CONVERSION = YES;
				CLANG_WARN_DEPRECATED_OBJC_IMPLEMENTATIONS = YES;
				CLANG_WARN_DIRECT_OBJC_ISA_USAGE = YES_ERROR;
				CLANG_WARN_DOCUMENTATION_COMMENTS = YES;
				CLANG_WARN_EMPTY_BODY = YES;
				CLANG_WARN_ENUM_CONVERSION = YES;
				CLANG_WARN_INFINITE_RECURSION = YES;
				CLANG_WARN_INT_CONVERSION = YES;
				CLANG_WARN_NON_LITERAL_NULL_CONVERSION = YES;
				CLANG_WARN_OBJC_IMPLICIT_RETAIN_SELF = YES;
				CLANG_WARN_OBJC_LITERAL_CONVERSION = YES;
				CLANG_WARN_OBJC_ROOT_CLASS = YES_ERROR;
				CLANG_WARN_QUOTED_INCLUDE_IN_FRAMEWORK_HEADER = YES;
				CLANG_WARN_RANGE_LOOP_ANALYSIS = YES;
				CLANG_WARN_STRICT_PROTOTYPES = YES;
				CLANG_WARN_SUSPICIOUS_MOVE = YES;
				CLANG_WARN_UNGUARDED_AVAILABILITY = YES_AGGRESSIVE;
				CLANG_WARN_UNREACHABLE_CODE = YES;
				CLANG_WARN__DUPLICATE_METHOD_MATCH = YES;
				COPY_PHASE_STRIP = NO;
				DEBUG_INFORMATION_FORMAT = "dwarf-with-dsym";
				ENABLE_NS_ASSERTIONS = NO;
				ENABLE_STRICT_OBJC_MSGSEND = YES;
				GCC_C_LANGUAGE_STANDARD = gnu11;
				GCC_NO_COMMON_BLOCKS = YES;
				GCC_WARN_64_TO_32_BIT_CONVERSION = YES;
				GCC_WARN_ABOUT_RETURN_TYPE = YES_ERROR;
				GCC_WARN_UNDECLARED_SELECTOR = YES;
				GCC_WARN_UNINITIALIZED_AUTOS = YES_AGGRESSIVE;
				GCC_WARN_UNUSED_FUNCTION = YES;
				GCC_WARN_UNUSED_VARIABLE = YES;
				IPHONEOS_DEPLOYMENT_TARGET = 14.0;
				MTL_ENABLE_DEBUG_INFO = NO;
				MTL_FAST_MATH = YES;
				SDKROOT = iphoneos;
				SWIFT_COMPILATION_MODE = wholemodule;
				SWIFT_OPTIMIZATION_LEVEL = "-O";
				VALIDATE_PRODUCT = YES;
			};
			name = Release;
		};
		185CB20D23C78CE8009F7571 /* Debug */ = {
			isa = XCBuildConfiguration;
			buildSettings = {
				CODE_SIGN_STYLE = Automatic;
				DEVELOPMENT_TEAM = "";
				INFOPLIST_FILE = "$(SRCROOT)/Spotiobook/Info.plist";
				LD_RUNPATH_SEARCH_PATHS = (
					"$(inherited)",
					"@executable_path/Frameworks",
				);
				PRODUCT_BUNDLE_IDENTIFIER = com.sixthsense.spotiobook;
				PRODUCT_NAME = "$(TARGET_NAME)";
				SWIFT_VERSION = 5.0;
				TARGETED_DEVICE_FAMILY = "1,2";
			};
			name = Debug;
		};
		185CB20E23C78CE8009F7571 /* Release */ = {
			isa = XCBuildConfiguration;
			buildSettings = {
				CODE_SIGN_STYLE = Automatic;
				DEVELOPMENT_TEAM = "";
				INFOPLIST_FILE = "$(SRCROOT)/Spotiobook/Info.plist";
				LD_RUNPATH_SEARCH_PATHS = (
					"$(inherited)",
					"@executable_path/Frameworks",
				);
				PRODUCT_BUNDLE_IDENTIFIER = com.sixthsense.spotiobook;
				PRODUCT_NAME = "$(TARGET_NAME)";
				SWIFT_VERSION = 5.0;
				TARGETED_DEVICE_FAMILY = "1,2";
			};
			name = Release;
		};
/* End XCBuildConfiguration section */

/* Begin XCConfigurationList section */
		185CB1F323C78CE6009F7571 /* Build configuration list for PBXProject "Spotiobook" */ = {
			isa = XCConfigurationList;
			buildConfigurations = (
				185CB20A23C78CE8009F7571 /* Debug */,
				185CB20B23C78CE8009F7571 /* Release */,
			);
			defaultConfigurationIsVisible = 0;
			defaultConfigurationName = Release;
		};
		185CB20C23C78CE8009F7571 /* Build configuration list for PBXNativeTarget "Spotiobook" */ = {
			isa = XCConfigurationList;
			buildConfigurations = (
				185CB20D23C78CE8009F7571 /* Debug */,
				185CB20E23C78CE8009F7571 /* Release */,
			);
			defaultConfigurationIsVisible = 0;
			defaultConfigurationName = Release;
		};
/* End XCConfigurationList section */

/* Begin XCRemoteSwiftPackageReference section */
		3A5476082822F06900784D9A /* XCRemoteSwiftPackageReference "firebase-ios-sdk" */ = {
			isa = XCRemoteSwiftPackageReference;
			repositoryURL = "https://github.com/firebase/firebase-ios-sdk.git";
			requirement = {
				kind = upToNextMajorVersion;
				minimumVersion = 8.15.0;
			};
		};
/* End XCRemoteSwiftPackageReference section */

/* Begin XCSwiftPackageProductDependency section */
		3A5476092822F06900784D9A /* FirebaseDatabaseSwift-Beta */ = {
			isa = XCSwiftPackageProductDependency;
			package = 3A5476082822F06900784D9A /* XCRemoteSwiftPackageReference "firebase-ios-sdk" */;
			productName = "FirebaseDatabaseSwift-Beta";
		};
		3A54760B2822F06900784D9A /* FirebaseStorage */ = {
			isa = XCSwiftPackageProductDependency;
			package = 3A5476082822F06900784D9A /* XCRemoteSwiftPackageReference "firebase-ios-sdk" */;
			productName = FirebaseStorage;
		};
		3A54760D2822F06900784D9A /* FirebaseAuth */ = {
			isa = XCSwiftPackageProductDependency;
			package = 3A5476082822F06900784D9A /* XCRemoteSwiftPackageReference "firebase-ios-sdk" */;
			productName = FirebaseAuth;
		};
		3A54760F2822F06900784D9A /* FirebaseStorageSwift-Beta */ = {
			isa = XCSwiftPackageProductDependency;
			package = 3A5476082822F06900784D9A /* XCRemoteSwiftPackageReference "firebase-ios-sdk" */;
			productName = "FirebaseStorageSwift-Beta";
		};
		3A5476112822F06900784D9A /* FirebaseDatabase */ = {
			isa = XCSwiftPackageProductDependency;
			package = 3A5476082822F06900784D9A /* XCRemoteSwiftPackageReference "firebase-ios-sdk" */;
			productName = FirebaseDatabase;
		};
/* End XCSwiftPackageProductDependency section */
	};
	rootObject = 185CB1F023C78CE6009F7571 /* Project object */;
}
